
Microsoft Visual Studio Solution File, Format Version 12.00
# Visual Studio 15
VisualStudioVersion = 15.0.28307.168
MinimumVisualStudioVersion = 10.0.40219.1
Project("{FAE04EC0-301F-11D3-BF4B-00C04F79EFBC}") = "TableCreator", "TableCreator\TableCreator.csproj", "{6CC00D82-5FFF-4352-B97E-8BE301E8767D}"
EndProject
Global
	GlobalSection(SolutionConfigurationPlatforms) = preSolution
		Debug|Any CPU = Debug|Any CPU
		Release|Any CPU = Release|Any CPU
	EndGlobalSection
	GlobalSection(ProjectConfigurationPlatforms) = postSolution
		{6CC00D82-5FFF-4352-B97E-8BE301E8767D}.Debug|Any CPU.ActiveCfg = Debug|Any CPU
		{6CC00D82-5FFF-4352-B97E-8BE301E8767D}.Debug|Any CPU.Build.0 = Debug|Any CPU
		{6CC00D82-5FFF-4352-B97E-8BE301E8767D}.Release|Any CPU.ActiveCfg = Release|Any CPU
		{6CC00D82-5FFF-4352-B97E-8BE301E8767D}.Release|Any CPU.Build.0 = Release|Any CPU
	EndGlobalSection
	GlobalSection(SolutionProperties) = preSolution
		HideSolutionNode = FALSE
	EndGlobalSection
	GlobalSection(ExtensibilityGlobals) = postSolution
		SolutionGuid = {7EF25A32-2B77-4DB9-902B-91BA28C711C2}
	EndGlobalSection
EndGlobal
